
Microsoft Visual Studio Solution File, Format Version 12.00
# Visual Studio Version 17
VisualStudioVersion = 17.3.32811.315
MinimumVisualStudioVersion = 10.0.40219.1
Project("{FAE04EC0-301F-11D3-BF4B-00C04F79EFBC}") = "AMM_Lab_S2", "AMM_Lab_S2\AMM_Lab_S2.csproj", "{039A4D4F-8E82-4104-8889-265B17DFCDB6}"
EndProject
Global
	GlobalSection(SolutionConfigurationPlatforms) = preSolution
		Debug|Any CPU = Debug|Any CPU
		Release|Any CPU = Release|Any CPU
	EndGlobalSection
	GlobalSection(ProjectConfigurationPlatforms) = postSolution
		{039A4D4F-8E82-4104-8889-265B17DFCDB6}.Debug|Any CPU.ActiveCfg = Debug|Any CPU
		{039A4D4F-8E82-4104-8889-265B17DFCDB6}.Debug|Any CPU.Build.0 = Debug|Any CPU
		{039A4D4F-8E82-4104-8889-265B17DFCDB6}.Release|Any CPU.ActiveCfg = Release|Any CPU
		{039A4D4F-8E82-4104-8889-265B17DFCDB6}.Release|Any CPU.Build.0 = Release|Any CPU
	EndGlobalSection
	GlobalSection(SolutionProperties) = preSolution
		HideSolutionNode = FALSE
	EndGlobalSection
	GlobalSection(ExtensibilityGlobals) = postSolution
		SolutionGuid = {11099581-650A-42C7-AEA7-A8B885F3A51C}
	EndGlobalSection
EndGlobal
